
Microsoft Visual Studio Solution File, Format Version 12.00
# Visual Studio Version 17
VisualStudioVersion = 17.9.34714.143
MinimumVisualStudioVersion = 10.0.40219.1
Project("{9A19103F-16F7-4668-BE54-9A1E7A4F7556}") = "CurrencyDataLibrary", "CurrencyDataLibrary\CurrencyDataLibrary.csproj", "{E6BEB8F6-7569-4186-8C26-C8EA4FBC1F5A}"
EndProject
Project("{9A19103F-16F7-4668-BE54-9A1E7A4F7556}") = "CurrencyDataLibrary.Tests", "CurrencyDataLibrary.Tests\CurrencyDataLibrary.Tests.csproj", "{05ECF65C-EFE7-423E-9739-7E1028D4248F}"
EndProject
Project("{9A19103F-16F7-4668-BE54-9A1E7A4F7556}") = "CurrencyDataWorkerService", "CurrencyDataWorkerService\CurrencyDataWorkerService.csproj", "{4ED56924-3D49-4E77-8E17-6C76D3928AD0}"
EndProject
Global
	GlobalSection(SolutionConfigurationPlatforms) = preSolution
		Debug|Any CPU = Debug|Any CPU
		Release|Any CPU = Release|Any CPU
	EndGlobalSection
	GlobalSection(ProjectConfigurationPlatforms) = postSolution
		{E6BEB8F6-7569-4186-8C26-C8EA4FBC1F5A}.Debug|Any CPU.ActiveCfg = Debug|Any CPU
		{E6BEB8F6-7569-4186-8C26-C8EA4FBC1F5A}.Debug|Any CPU.Build.0 = Debug|Any CPU
		{E6BEB8F6-7569-4186-8C26-C8EA4FBC1F5A}.Release|Any CPU.ActiveCfg = Release|Any CPU
		{E6BEB8F6-7569-4186-8C26-C8EA4FBC1F5A}.Release|Any CPU.Build.0 = Release|Any CPU
		{05ECF65C-EFE7-423E-9739-7E1028D4248F}.Debug|Any CPU.ActiveCfg = Debug|Any CPU
		{05ECF65C-EFE7-423E-9739-7E1028D4248F}.Debug|Any CPU.Build.0 = Debug|Any CPU
		{05ECF65C-EFE7-423E-9739-7E1028D4248F}.Release|Any CPU.ActiveCfg = Release|Any CPU
		{05ECF65C-EFE7-423E-9739-7E1028D4248F}.Release|Any CPU.Build.0 = Release|Any CPU
		{4ED56924-3D49-4E77-8E17-6C76D3928AD0}.Debug|Any CPU.ActiveCfg = Debug|Any CPU
		{4ED56924-3D49-4E77-8E17-6C76D3928AD0}.Debug|Any CPU.Build.0 = Debug|Any CPU
		{4ED56924-3D49-4E77-8E17-6C76D3928AD0}.Release|Any CPU.ActiveCfg = Release|Any CPU
		{4ED56924-3D49-4E77-8E17-6C76D3928AD0}.Release|Any CPU.Build.0 = Release|Any CPU
	EndGlobalSection
	GlobalSection(SolutionProperties) = preSolution
		HideSolutionNode = FALSE
	EndGlobalSection
	GlobalSection(ExtensibilityGlobals) = postSolution
		SolutionGuid = {8CA12E97-A93D-43C3-9A69-2B52494D7003}
	EndGlobalSection
EndGlobal
